
Microsoft Visual Studio Solution File, Format Version 12.00
# Visual Studio Version 17
VisualStudioVersion = 17.8.34408.163
MinimumVisualStudioVersion = 10.0.40219.1
Project("{FAE04EC0-301F-11D3-BF4B-00C04F79EFBC}") = "MyFirstASPNETWebAppFun", "MyFirstASPNETWebAppFun\MyFirstASPNETWebAppFun.csproj", "{6DAF32B9-C4E7-4247-A96A-27933C444B47}"
EndProject
Global
	GlobalSection(SolutionConfigurationPlatforms) = preSolution
		Debug|Any CPU = Debug|Any CPU
		Release|Any CPU = Release|Any CPU
	EndGlobalSection
	GlobalSection(ProjectConfigurationPlatforms) = postSolution
		{6DAF32B9-C4E7-4247-A96A-27933C444B47}.Debug|Any CPU.ActiveCfg = Debug|Any CPU
		{6DAF32B9-C4E7-4247-A96A-27933C444B47}.Debug|Any CPU.Build.0 = Debug|Any CPU
		{6DAF32B9-C4E7-4247-A96A-27933C444B47}.Release|Any CPU.ActiveCfg = Release|Any CPU
		{6DAF32B9-C4E7-4247-A96A-27933C444B47}.Release|Any CPU.Build.0 = Release|Any CPU
	EndGlobalSection
	GlobalSection(SolutionProperties) = preSolution
		HideSolutionNode = FALSE
	EndGlobalSection
	GlobalSection(ExtensibilityGlobals) = postSolution
		SolutionGuid = {5BD361B7-7D99-42A9-92A8-1300993BD72C}
	EndGlobalSection
EndGlobal
